
Microsoft Visual Studio Solution File, Format Version 12.00
# Visual Studio 15
VisualStudioVersion = 15.0.28307.539
MinimumVisualStudioVersion = 10.0.40219.1
Project("{2150E333-8FDC-42A3-9474-1A3956D46DE8}") = "Solution Items", "Solution Items", "{CA71A3DE-2A8B-4E30-A5FC-A98F4F180D47}"
	ProjectSection(SolutionItems) = preProject
		index.html = index.html
		reset.css = reset.css
		styles.css = styles.css
	EndProjectSection
EndProject
Global
	GlobalSection(SolutionProperties) = preSolution
		HideSolutionNode = FALSE
	EndGlobalSection
	GlobalSection(ExtensibilityGlobals) = postSolution
		SolutionGuid = {0758C3F1-33B4-4D87-8775-19CEDBAF268D}
	EndGlobalSection
EndGlobal
